{
  "version": 1,
  "packages": [
    {
      "name": "piton",
      "source": "https://github.com/piton-lang/piton-rs.git",
      "pin": "default",
      "pinned": null,
      "commit": "59ec847a560e393199d7ac86b3e57a3da09b872c",
      "files": {
        "agent/commands/CheckSpecForProblems.pi": "2335bcd921bcb9bd27b2ebdd7dc4d70ec332db8f37e5809bed3013f4526442e1",
        "agent/index.pi": "5cfe0434efdb166494fe2b9da2a66f9428b3eb348dedcc91eb7359bb5f45c11c",
        "agent/skills/BuildTooling.pi": "bd5b114db535b21f72150caa4dd358089cad216ee2848b835f9e03eba5721526",
        "agent/skills/GenerateFluencyPrompt.pi": "541583912ea04a60a7c53fd952a028b0e8297f288251522b065127f2c1148edd",
        "agent/skills/InspectSpec.pi": "173e1d0684098e9f5f557eb636c172a295038d6291f8d0b618ac4d586d976beb",
        "index.pi": "00f2cf690da2490946e6b6948f97a0d7f73ec9f4fa515a23b086b01c2656b614",
        "scope/belay/Belay.pi": "01a7a1fb43eb83454703713716feeafbf44b0c510ec33c9123b333e931138dc7",
        "scope/belay/Compilation.pi": "ee04285c47b3b8a8b3b3c53af86fe0e4f6d4ad9bd2354a50c01ff98838567180",
        "scope/belay/Decisions.pi": "0d27ee04604b48e71b0fe86882562579d5eb69bdc6600dc58ffdd8f645563304",
        "scope/belay/Framework.pi": "4fa591c4443315d7a59a362ab098030d3122f2c7b72fe58d107b5d430ea7d7ff",
        "scope/belay/Scope.pi": "eb71717d6f4cf4a156846d7d4127fac411835c616bc06eec4c7c37c6ed7a4776",
        "scope/belay/adapters/Adapter.pi": "124528f1fd04ff882fe44d064908484ca94b4393684e3cd1e0d1accd932d47d7",
        "scope/belay/adapters/ClaudeCode.pi": "3f0aef549dbe775c7fe251b9e87ba09cff26a3a12559eac503481d84c5056ae9",
        "scope/belay/adapters/Codex.pi": "3c46f6d957482162afd810a7d25ffedc71f5263f3b1d3598e419bbfdd50d7ffa",
        "scope/belay/adapters/OpenCode.pi": "d00a9cdc09ea60df5584bbbe52182d18accbfa322ab430d0700eaa52523163b5",
        "scope/belay/anchors/Agent.pi": "d1c153c24b2e1c0877f21843cb17aa73ab962da73ed9908a218e6a3eb081fdd0",
        "scope/belay/anchors/Command.pi": "4be38d0585024a63b792eb9b3dcf4f36c0d4ee81dbb602d224b2ff2d8b33f6b8",
        "scope/belay/anchors/Construct.pi": "b308a468f7853a6b5b9344c4addcf2052141d0bdcff630599edf6401f401d409",
        "scope/belay/anchors/Instruction.pi": "2a91b905f41ab1252bc28f6964a25309ccbd31e30da0fd107a406f22427ddc72",
        "scope/belay/anchors/Skill.pi": "7c7c84454ea13b9267d05494d08d5c445c92df728807f955867e78319ac98209",
        "scope/belay/index.pi": "bbca49d6aa44a7508a11875e4fd50ef01c1521cd3ad00815c2d54ba6c809c41c",
        "scope/founding-thesis/AgentAsCompiler.pi": "3f01a5adf1c1fced31a80370101bfce20172c2e63304d194c83b9523f60035eb",
        "scope/founding-thesis/CncComparison.pi": "e7f21f5d36214b4925e8afddc3de0e0ca3fac1a9afb4272f5fbe87639105fd2d",
        "scope/founding-thesis/Introduction.pi": "079c44fc2526dac096ec2c3765fd03df0e3380610d2de040076a13cffd8b5ac6",
        "scope/founding-thesis/TheProblem.pi": "16cd093279715e503f0b6bba9b9acd3308c0d682445669a8f4b7f9f97cbfb0a6",
        "scope/founding-thesis/index.pi": "6bf1286ffd4faec59d7b3d388abdd4d420bbd839426d647f028f55270fe7446d",
        "scope/language/anchors/Abstract.pi": "dbb316bc70ca23638e1db15ee8b4a4514f7ad26a15b8c34cd9064ccad441df43",
        "scope/language/anchors/Keywords.pi": "9e151452d52058a957311212f80235451e5327251843aa0fe9e6b449f4eb463f",
        "scope/language/anchors/SelfReference.pi": "3873c23b18e0a759f0db47fa0395070cb84d410fe9b86e54b952588f1987eeac",
        "scope/language/anchors/StructuralInheritance.pi": "ab0d3cbc1cdd72cf1a567c5ca6c3103492f4b2d8cf3aa97ee1cdcd746f8ad56e",
        "scope/language/anchors/Super.pi": "1ddd4384aa2af4c76d97b26c06734376e85286c8f57107f418c2672f952f8aaf",
        "scope/language/anchors/SuperOnLists.pi": "2fde7093f34ad0f3dc7794ba5a6afd35a32b1aae1c384028f88d4d4235c76167",
        "scope/language/anchors/index.pi": "e09cb838b0b667fc5e657398289bbe6b3f8533898300623fd0e005e035b8d436",
        "scope/language/expressions/NumericExpression.pi": "fd410806db4036787975158d1e075abe808fddca004ef73cbcd4cc9a2cdaeb85",
        "scope/language/expressions/ReferenceExpression.pi": "fad8eb27d127029762a7aaaaaf818268cf612c5d310a411ce37361ed7eaf7ae5",
        "scope/language/expressions/StandardExpression.pi": "c8e858b3515ccb9dba6f30ccf5f94ef495b066ee194532207cba8aa6f9cbc203",
        "scope/language/expressions/StringExpression.pi": "cae5f6960206d0a7c573ab83307593307fe08150e6a7485ac55b688e553b2dc4",
        "scope/language/expressions/index.pi": "86d1e3e572f5112cfed7b6344a28241cb08a69b0020c8b58300b7d87acf1a197",
        "scope/language/index.pi": "a0293967ab944dc1d9fc7881a45587d842c747fc185f128cbfba3a9ca25ed8fb",
        "scope/language/operators/ControlFlow.pi": "f2982b322dbe5788e03d7151c2c367aa770f0c498ff4479ed0e9afc2c4516e06",
        "scope/language/operators/access/PropertyAccessOperator.pi": "5ee8c163842d29b1fc824eead77e70a2b2defedf4d087278b7bf5338f9a48205",
        "scope/language/operators/access/index.pi": "7cdd14ea824b8d4fa258cf184c8752392e7a5f536e4ae007bfe76ad9b7731181",
        "scope/language/operators/arithmetic/AdditionOperator.pi": "b90b9c7b4ac3f7fa1799593284871f843a63e6523bb3d786e60a045c5f9e10ba",
        "scope/language/operators/arithmetic/DivisionOperator.pi": "3ac604d55fbb2d84c0008cc86b5877613afae5f43bad18c17453051761cae762",
        "scope/language/operators/arithmetic/ModuloOperator.pi": "39a0a5206235a5063c3a0a1958bf593c39a0fab02741b27a7d10bc3b7504cf5d",
        "scope/language/operators/arithmetic/MultiplicationOperator.pi": "894f5570606a2efaf2cd4b93332fc3c561e1b1c6ea46653e126cd6c3e617790b",
        "scope/language/operators/arithmetic/SubtractionOperator.pi": "b30768c98697fa45cafe39366888304495c2775ab6cf203cd9c269f36146ad28",
        "scope/language/operators/arithmetic/index.pi": "52dee048c5e68ca4bf44864fa95ecb0153319260e24a89fa1b85d62d05eff761",
        "scope/language/operators/arithmetic/lib/ArithmeticOperator.pi": "3b397ab31581705561f1ab5274b7d55cfc4885ba044012f7adfca3a40cfd6ecf",
        "scope/language/operators/comparison/EqOperator.pi": "638dffe7f16337f3f1ee6adffdf7b895d48f2f3f8a42165e4f60d15e39bcd5d3",
        "scope/language/operators/comparison/GtEqOperator.pi": "6404ce7f7d0d6b35787baec2674c1f57af120d1e600f384aed10e1fa72cb075f",
        "scope/language/operators/comparison/GtOperator.pi": "a1df62025c4d00d084b7100d95553ab5d0bb44dd1d43249513de09db47314423",
        "scope/language/operators/comparison/LtEqOperator.pi": "e08c14628c75e4f9e3003b8fbe69bf59aa8fb5d3b04dabcdee065490645f89b5",
        "scope/language/operators/comparison/LtOperator.pi": "76093c826ab3a41212824f5ff2dd88a421a65d58e79e12d5a80697613349dac0",
        "scope/language/operators/comparison/NeqOperator.pi": "18d9e14bfe0b0c40336e31f647cf559450d28db0f252f6a69a1b7f61e1c8a90d",
        "scope/language/operators/comparison/index.pi": "d6ce02153ee5d69848722ff69c8dacede6082622c01d00a73c28ba464980a816",
        "scope/language/operators/concatenation/ConcatenationOperator.pi": "63e54393c687d6f6c52b902a984e5def56ad835c9b3d03b58ac032f8e89d9ef1",
        "scope/language/operators/concatenation/DupMergeOperator.pi": "9e076a711068cdd841296235788c0919023004a3fbb3d7d8f38beebfbb2e54f1",
        "scope/language/operators/concatenation/MergeOperator.pi": "227ff870fb86920b93a2c2b542f826736638ce38bdfac0fff67f13530f661706",
        "scope/language/operators/concatenation/index.pi": "a5a48ecaea3babd6342c25075e0a098e71800914d24e84460190de5da73aad38",
        "scope/language/operators/conditional/TernaryOperator.pi": "5b398461de96a4b494b1304507790766733dc3df28367f2ed6c711af597168cb",
        "scope/language/operators/conditional/index.pi": "d68c62e63f23c5a9811555df4b065e75d1ee0ed27a7ac68e52c4c655b695ac37",
        "scope/language/operators/declaration/AssignmentOperator.pi": "d8474c23ee389ce1ffc7fa3c63b2fe15abd8982d78225527b197d075e5ae4486",
        "scope/language/operators/declaration/TypeAnnotationOperator.pi": "19e230523a6d43d2ffb33b9c1d408ebc60771e4fbf541dab03f47fa0b2c5958a",
        "scope/language/operators/declaration/index.pi": "bbe19138906bec31dd3ebb5aa8ab401bda70543bb0e16892832b0ff1d6c90db4",
        "scope/language/operators/index.pi": "b74eb0fa8550dd8a467ed16ba721a2df5b81968a2b425887edc30d6746a1f63d",
        "scope/language/operators/lib/Operator.pi": "5e6ed8f93ecd247f864448d503ad84a36a9adc1fd879cd1538c77cd2c5fae317",
        "scope/language/operators/logical/AndOperator.pi": "2aed7f25ad240cba3fc4ab8bac2f04170a1266608853242a05624fba88161286",
        "scope/language/operators/logical/NegOperator.pi": "06d3b0c7000b55bdb75f1e6fc4377b2d755aa16ca742f3db92b2e207d7029637",
        "scope/language/operators/logical/OrOperator.pi": "2de5bff7ad8c519633ab64d5a6e3ae4b4af6b4fb7b9703717264f401e0103fd1",
        "scope/language/operators/logical/index.pi": "c2dd10bbf3be2565b5e514f0be193c21397471aff7126666554c7d9b8ae1d11c",
        "scope/language/overview/Comments.pi": "d7ce255315dd46e515ee5858ef6e91ed67fd93099e2750b2d9e3c1f3ba253b23",
        "scope/language/overview/FilesAndModules.pi": "de1c4603d56e8cb8c82be07087d9ab9ae054efd2ce6215215aa5a43c633f7361",
        "scope/language/overview/Introduction.pi": "c9f08afa20ae25c08ba205cca7e71ecabdc4ca03653f6a2c825329124b640060",
        "scope/language/overview/Keywords.pi": "4928b899ef817cd71e3748fd33438b62ad75883cf28ee850282cb73f39c75136",
        "scope/language/overview/Whitespace.pi": "19990528a9c5e6beace119f775901d341c2ed30cd1541fc8d2ff1e1bb89ddb2e",
        "scope/language/overview/index.pi": "ac14fe6618f3bfec11c4b383a4b8e38e9c049a4f418542f2b51fb62611a90321",
        "scope/language/reuse/CircularImports.pi": "9790ef7645b05358f4d24ed3fe0524d17cc4089fbde8517704bc60c7cd62cca6",
        "scope/language/reuse/ImportExport.pi": "22d95334ae24d5787a515a66d6b4374f2925bc9a5a700cc5dc54b7d562bc55b1",
        "scope/language/reuse/ImportLineBreaks.pi": "3a3e61b4401ae2d68fc4ca0cd4b8ecc8939ab176223e497b152a681ee0c3c765",
        "scope/language/reuse/Modules.pi": "67e8c0b71bf8b8580970afeb39fb33d6997768d69bc1e5f48c1445229f571752",
        "scope/language/reuse/Use.pi": "4b396aa58154ff7cd15336d8a50b70acccc4c57386bf05110639b852e597bebe",
        "scope/language/reuse/index.pi": "3d1bac4a369e140f08bb64124410e50e213a90a728785480f4dfb4a3ff953549",
        "scope/language/types/Anchors.pi": "0daf100317cec3b80a3c63db662a81be2731a6ae23e83318668c8974832aed74",
        "scope/language/types/Booleans.pi": "b461d8a238bcc27e3e76081f761b1bbb54946222d2fa483a9978a4ed22c9d4a7",
        "scope/language/types/Collections.pi": "5f33f92591fe1c7aedf7141f338bbc8d05c6cf43d2e048fdb6cbf4bbbc5dfc08",
        "scope/language/types/ComplexTypes.pi": "9ba9c6fa3215de2baca499a319ae443c450f0dee256c535aac354927720aac20",
        "scope/language/types/Dictionaries.pi": "95e919e989a635637371f2d6d863c2a42a87ec4499e69fab4d5692b711e48874",
        "scope/language/types/Escaping.pi": "94bdf9c17360e70494865f02b828330d23a663b35e94d71aee1c4f40f05975e7",
        "scope/language/types/Inference.pi": "3383e9db8d4b103c2d078bc4295d70f78f447caf140fe25ea4721afee58ad0ea",
        "scope/language/types/Lists.pi": "074e3c1d1a2805729bd0080cc7bda5c7731519666b2fa281fdb9dbfee252efee",
        "scope/language/types/Null.pi": "4ccb5b9afeda0ca1cc642690e36763aa0987a5d8235b86225d11236b3538acce",
        "scope/language/types/Numbers.pi": "d15528c9fac12f734d110b985d60f9aa7f8723633d6d551f3f4b36a863b15ca8",
        "scope/language/types/Overview.pi": "f99976a89df9bcb25d9b321df9a59a6b880ba975d285524b97ab24d5e38a0b6c",
        "scope/language/types/Reference.pi": "826de5325223a421044e3e0f005014fc5ed004106f75d93109690f4b6573b417",
        "scope/language/types/SimpleTypes.pi": "8cb2e0f60a870558721f5bf0ddcc47d92ece4e8cbc1479da89912c029e76f12e",
        "scope/language/types/Strings.pi": "ce44e7ba41fcdcaa5c1586fb314b3e6b8973104dc2279c3260f38850cc51c5f3",
        "scope/language/types/index.pi": "6d15b9161381f1f65314df5c630463065fb4a2ccd82ba97bc783719a1705d5be",
        "scope/language/types/lib/Type.pi": "2974941087e0ad4ff20156f4fcdef399631c35e5dfab0d597ba269296f0911ad",
        "scope/language/variables/ListTypeConstraints.pi": "c298da57f67f3f23e83685f0e658f88eb12a4b85912510afd5d554cdce103e8a",
        "scope/language/variables/Mutability.pi": "b91b78c7ac453d88e440639e576d08400eae94d1ad3dc97f0fc624a79c3d3cd5",
        "scope/language/variables/NestedTypeConstraints.pi": "25ceb6ea60ce86b43484cf22badffc5a41bb5e4e9430142a089b2ecfcf5dee08",
        "scope/language/variables/Overview.pi": "4a2abdfb1ec5dbaaf026a48571dcec61a355935837f7ccf395e797e161123059",
        "scope/language/variables/Scope.pi": "e9011aec2d614121097a00d5505fdbe0725043b62c41d93d0584c52fd4c19ed4",
        "scope/language/variables/SpecialTypeConstraints.pi": "762089483b99bb6be263654297a29854bb82c4c3b4255fc230008e98a475bffc",
        "scope/language/variables/TypeCoercion.pi": "3ac900b409475546aedebb67936a42adfb1601b7b34b00d4d3635abd7da6ceea",
        "scope/language/variables/TypeConstraints.pi": "1b9102fe1c7e4ae34c5411a2bf68c42531eb7f6cbbd6134a93b8e34ce67fa7cf",
        "scope/language/variables/index.pi": "1b2917235cd23c03a4255c00ea8fade37078ffff5426cec8c160e8964a8218ba",
        "scope/package-management/Dependencies.pi": "9a5d98af138f6d464788862fc3dce9c4c044723dc6442fe2b1d4bc9cba359b60",
        "scope/package-management/ImportingAndUsing.pi": "be5df51f2461e8002ce05ee433b9846edf15aef025107c00d97bfec90953e31a",
        "scope/package-management/Package.pi": "99aa711c779292076a846f726ad56f3c44b8285261097af0dc61bf7741454f25",
        "scope/package-management/index.pi": "2e5ef554fa204f49c80847bd2817499426aae4f753dc82808432edfd81ba39e1",
        "scope/tooling/astro/index.pi": "5e27ca7e11a9f905f7cda9cbdd3a643203093dba209ecbf1e6571fd1ebfd0440",
        "scope/tooling/cli/Agent.pi": "c0d60336bf70abb337308b6d8933fb91f63746498634c17d4085b710740e5c9c",
        "scope/tooling/cli/Build.pi": "9c46e37b8b32bb304e39cbc0fa469c4a9b69599ce6d3e78f5556bfe555410523",
        "scope/tooling/cli/Check.pi": "b6ebfe817320cede988c7f50708953f0c5e2b5bda0cf783b6f983c554d181118",
        "scope/tooling/cli/Compile.pi": "5456cdc7e04ad70a3b56cd7660feb0611279483be82ec80570017bf30449f35a",
        "scope/tooling/cli/Format.pi": "e5b71c7e5ede09d0177a0e25578c013392b6690eea91e4510049439e1b75ae0e",
        "scope/tooling/cli/Init.pi": "0b453f0be2045e044e323a6639fdfcc5f0313d72569dc5200c5ed843d4ddaedf",
        "scope/tooling/cli/Loc.pi": "6fe6cc507f2e55784074bd10208b4352c468e98954f34b073e4e18c9791ce00c",
        "scope/tooling/cli/Lsp.pi": "24ecd73978149f4081c3ff44dda26be2b226b549d5c6151a8c419724007129d1",
        "scope/tooling/cli/Reach.pi": "47021bc16e0cacb0fbb02be6fc10e175513648425699d8ac601578ec713bdf77",
        "scope/tooling/cli/Slice.pi": "f66d96a6a95eac65ceb3c499f80b342cf4ba96a90f876dbebd81e059e8c24f95",
        "scope/tooling/cli/index.pi": "678072cb3e2ef9e350b64317f25387d80fd5bbbaa29f1d1bbc321cd4236bb892",
        "scope/tooling/cli/package-management/Remove.pi": "16e49a4624973b768b3b027e10c4278f8efd7cf4ddb1531f21767aa551a544b7",
        "scope/tooling/cli/package-management/Tether.pi": "282ff2357f678331d8c2167de3a9c40881f3c52379fd8de01470ee5a87751b0a",
        "scope/tooling/cli/package-management/Untether.pi": "d5ec9c7183cce4c4989631873fcdb52b8c4956a079914faeaf906d47da516618",
        "scope/tooling/cli/package-management/Update.pi": "627430f90f78806ec9617f7b7e66e30835a76d0d5899273c7d885c41ce97a490",
        "scope/tooling/cli/package-management/index.pi": "831bddd17831175ed1228698085d7453c78f4921b602141a9fc557297886f1be",
        "scope/tooling/editors/Emacs.pi": "a57a941017c18fb0c1a84f0c5f7bd9d55a1f340e350286a8ad021cac52dec4d9",
        "scope/tooling/editors/Helix.pi": "37e152bcb344dd6a96aa8e1af540782167f2e66eaf70408780823cb11a50afb4",
        "scope/tooling/editors/JetBrains.pi": "711cc507d912e49c578d1bca7040d2aee61304964d4f0abc734f9e87f8467e86",
        "scope/tooling/editors/Kate.pi": "107c6656b9a7e0defe12998a3ed69d6cac159ba1c3aef319076e33681bf68bdb",
        "scope/tooling/editors/NeoVim.pi": "bf78964774396428bf3909ce98ae7c28fa384e9a9999439c3e2155990814b040",
        "scope/tooling/editors/Sublime.pi": "3078a0db6180b42eef7b5b8f92bdf85e85c019681e89700f14db1dfa1f53aec4",
        "scope/tooling/editors/Vim.pi": "e800707c919157490c0c1d85b7665b52ce570b320b10580c56cec3ce5f9ed3fd",
        "scope/tooling/editors/VsCode.pi": "893574fe9ecdf5d0bc92997696b0eb25e56b65156793cea59d9fb3dff8e1fa87",
        "scope/tooling/editors/Zed.pi": "3d337a104fc3ed7745ffba0521b9e5c1f356f5b6be37eb8e92a28f2db0bbaead",
        "scope/tooling/editors/index.pi": "8b4689bd14b483e508feb00426bcdf7b490c8b9848edd85f2d31e176c240fafc",
        "scope/tooling/frameworks/index.pi": "a4e97005b6ef7db2fa60d81a441b18d40e18845e04f8e3ed2a4df581a5375a08",
        "scope/tooling/index.pi": "948a8e026f5e4e883d92eea2b423689b9497889f9d49b5d6f8b864bad2f6d29c",
        "scope/tooling/project-config/index.pi": "868379968a5e4f1978cfb8c8c6883c193b9e305bb003c8b0f7af5f628071a542",
        "scope/tooling/vite/index.pi": "20a6dcc82dc543c9d609790d364c715becd8fb87ab4e6275bfd16452a66bef33"
      }
    }
  ]
}
